// !$*UTF8*$!
{
	archiveVersion = 1;
	classes = {
	};
	objectVersion = 55;
	objects = {

/* Begin PBXBuildFile section */
		DE93BED12674CB4B00C160F5 /* AppDelegate.swift in Sources */ = {isa = PBXBuildFile; fileRef = DE93BED02674CB4B00C160F5 /* AppDelegate.swift */; };
		DE93BED32674CB4B00C160F5 /* SceneDelegate.swift in Sources */ = {isa = PBXBuildFile; fileRef = DE93BED22674CB4B00C160F5 /* SceneDelegate.swift */; };
		DE93BED52674CB4B00C160F5 /* StartViewController.swift in Sources */ = {isa = PBXBuildFile; fileRef = DE93BED42674CB4B00C160F5 /* StartViewController.swift */; };
		DE93BED82674CB4B00C160F5 /* Main.storyboard in Resources */ = {isa = PBXBuildFile; fileRef = DE93BED62674CB4B00C160F5 /* Main.storyboard */; };
		DE93BEDA2674CB4D00C160F5 /* Assets.xcassets in Resources */ = {isa = PBXBuildFile; fileRef = DE93BED92674CB4D00C160F5 /* Assets.xcassets */; };
		DE93BEDD2674CB4D00C160F5 /* LaunchScreen.storyboard in Resources */ = {isa = PBXBuildFile; fileRef = DE93BEDB2674CB4D00C160F5 /* LaunchScreen.storyboard */; };
		DE93BEE52674D7BD00C160F5 /* MatchViewController.swift in Sources */ = {isa = PBXBuildFile; fileRef = DE93BEE42674D7BD00C160F5 /* MatchViewController.swift */; };
		DE93BEE72674D7D800C160F5 /* GuessViewController.swift in Sources */ = {isa = PBXBuildFile; fileRef = DE93BEE62674D7D800C160F5 /* GuessViewController.swift */; };
		DE93BEEA2674D88D00C160F5 /* Game.swift in Sources */ = {isa = PBXBuildFile; fileRef = DE93BEE92674D88D00C160F5 /* Game.swift */; };
		DE93BEEC2674DAED00C160F5 /* MatchActivity.swift in Sources */ = {isa = PBXBuildFile; fileRef = DE93BEEB2674DAED00C160F5 /* MatchActivity.swift */; };
		DE93BEEE2674DB4D00C160F5 /* MatchController.swift in Sources */ = {isa = PBXBuildFile; fileRef = DE93BEED2674DB4D00C160F5 /* MatchController.swift */; };
		DE9C359B26761998002466AE /* hangmanGameTests.swift in Sources */ = {isa = PBXBuildFile; fileRef = DE9C359A26761998002466AE /* hangmanGameTests.swift */; };
		DE9C35A3267652D8002466AE /* HangmanKit.swift in Sources */ = {isa = PBXBuildFile; fileRef = DE9C35A2267652D8002466AE /* HangmanKit.swift */; };
		DE9C35A526765391002466AE /* HangmanView.swift in Sources */ = {isa = PBXBuildFile; fileRef = DE9C35A426765391002466AE /* HangmanView.swift */; };
		DE9C35A726765931002466AE /* SuccessViewController.swift in Sources */ = {isa = PBXBuildFile; fileRef = DE9C35A626765931002466AE /* SuccessViewController.swift */; };
		DE9C35A926765AAB002466AE /* ErrorViewController.swift in Sources */ = {isa = PBXBuildFile; fileRef = DE9C35A826765AAB002466AE /* ErrorViewController.swift */; };
/* End PBXBuildFile section */

/* Begin PBXContainerItemProxy section */
		DE9C359C26761998002466AE /* PBXContainerItemProxy */ = {
			isa = PBXContainerItemProxy;
			containerPortal = DE93BEC52674CB4B00C160F5 /* Project object */;
			proxyType = 1;
			remoteGlobalIDString = DE93BECC2674CB4B00C160F5;
			remoteInfo = hangman;
		};
/* End PBXContainerItemProxy section */

/* Begin PBXFileReference section */
		DE93BECD2674CB4B00C160F5 /* hangman.app */ = {isa = PBXFileReference; explicitFileType = wrapper.application; includeInIndex = 0; path = hangman.app; sourceTree = BUILT_PRODUCTS_DIR; };
		DE93BED02674CB4B00C160F5 /* AppDelegate.swift */ = {isa = PBXFileReference; lastKnownFileType = sourcecode.swift; path = AppDelegate.swift; sourceTree = "<group>"; };
		DE93BED22674CB4B00C160F5 /* SceneDelegate.swift */ = {isa = PBXFileReference; lastKnownFileType = sourcecode.swift; path = SceneDelegate.swift; sourceTree = "<group>"; };
		DE93BED42674CB4B00C160F5 /* StartViewController.swift */ = {isa = PBXFileReference; lastKnownFileType = sourcecode.swift; path = StartViewController.swift; sourceTree = "<group>"; };
		DE93BED72674CB4B00C160F5 /* Base */ = {isa = PBXFileReference; lastKnownFileType = file.storyboard; name = Base; path = Base.lproj/Main.storyboard; sourceTree = "<group>"; };
		DE93BED92674CB4D00C160F5 /* Assets.xcassets */ = {isa = PBXFileReference; lastKnownFileType = folder.assetcatalog; path = Assets.xcassets; sourceTree = "<group>"; };
		DE93BEDC2674CB4D00C160F5 /* Base */ = {isa = PBXFileReference; lastKnownFileType = file.storyboard; name = Base; path = Base.lproj/LaunchScreen.storyboard; sourceTree = "<group>"; };
		DE93BEDE2674CB4D00C160F5 /* Info.plist */ = {isa = PBXFileReference; lastKnownFileType = text.plist.xml; path = Info.plist; sourceTree = "<group>"; };
		DE93BEE42674D7BD00C160F5 /* MatchViewController.swift */ = {isa = PBXFileReference; lastKnownFileType = sourcecode.swift; path = MatchViewController.swift; sourceTree = "<group>"; };
		DE93BEE62674D7D800C160F5 /* GuessViewController.swift */ = {isa = PBXFileReference; lastKnownFileType = sourcecode.swift; path = GuessViewController.swift; sourceTree = "<group>"; };
		DE93BEE92674D88D00C160F5 /* Game.swift */ = {isa = PBXFileReference; lastKnownFileType = sourcecode.swift; path = Game.swift; sourceTree = "<group>"; };
		DE93BEEB2674DAED00C160F5 /* MatchActivity.swift */ = {isa = PBXFileReference; lastKnownFileType = sourcecode.swift; path = MatchActivity.swift; sourceTree = "<group>"; };
		DE93BEED2674DB4D00C160F5 /* MatchController.swift */ = {isa = PBXFileReference; lastKnownFileType = sourcecode.swift; path = MatchController.swift; sourceTree = "<group>"; };
		DE93BEEF2675074400C160F5 /* hangman.entitlements */ = {isa = PBXFileReference; lastKnownFileType = text.plist.entitlements; path = hangman.entitlements; sourceTree = "<group>"; };
		DE9C359826761998002466AE /* hangmanTests.xctest */ = {isa = PBXFileReference; explicitFileType = wrapper.cfbundle; includeInIndex = 0; path = hangmanTests.xctest; sourceTree = BUILT_PRODUCTS_DIR; };
		DE9C359A26761998002466AE /* hangmanGameTests.swift */ = {isa = PBXFileReference; lastKnownFileType = sourcecode.swift; path = hangmanGameTests.swift; sourceTree = "<group>"; };
		DE9C35A2267652D8002466AE /* HangmanKit.swift */ = {isa = PBXFileReference; fileEncoding = 4; lastKnownFileType = sourcecode.swift; path = HangmanKit.swift; sourceTree = "<group>"; };
		DE9C35A426765391002466AE /* HangmanView.swift */ = {isa = PBXFileReference; lastKnownFileType = sourcecode.swift; path = HangmanView.swift; sourceTree = "<group>"; };
		DE9C35A626765931002466AE /* SuccessViewController.swift */ = {isa = PBXFileReference; lastKnownFileType = sourcecode.swift; path = SuccessViewController.swift; sourceTree = "<group>"; };
		DE9C35A826765AAB002466AE /* ErrorViewController.swift */ = {isa = PBXFileReference; lastKnownFileType = sourcecode.swift; path = ErrorViewController.swift; sourceTree = "<group>"; };
/* End PBXFileReference section */

/* Begin PBXFrameworksBuildPhase section */
		DE93BECA2674CB4B00C160F5 /* Frameworks */ = {
			isa = PBXFrameworksBuildPhase;
			buildActionMask = 2147483647;
			files = (
			);
			runOnlyForDeploymentPostprocessing = 0;
		};
		DE9C359526761998002466AE /* Frameworks */ = {
			isa = PBXFrameworksBuildPhase;
			buildActionMask = 2147483647;
			files = (
			);
			runOnlyForDeploymentPostprocessing = 0;
		};
/* End PBXFrameworksBuildPhase section */

/* Begin PBXGroup section */
		DE93BEC42674CB4B00C160F5 = {
			isa = PBXGroup;
			children = (
				DE93BECF2674CB4B00C160F5 /* hangman */,
				DE9C359926761998002466AE /* hangmanTests */,
				DE93BECE2674CB4B00C160F5 /* Products */,
			);
			sourceTree = "<group>";
		};
		DE93BECE2674CB4B00C160F5 /* Products */ = {
			isa = PBXGroup;
			children = (
				DE93BECD2674CB4B00C160F5 /* hangman.app */,
				DE9C359826761998002466AE /* hangmanTests.xctest */,
			);
			name = Products;
			sourceTree = "<group>";
		};
		DE93BECF2674CB4B00C160F5 /* hangman */ = {
			isa = PBXGroup;
			children = (
				DE93BEEF2675074400C160F5 /* hangman.entitlements */,
				DE93BEE82674D86D00C160F5 /* Model */,
				DE93BED02674CB4B00C160F5 /* AppDelegate.swift */,
				DE93BED22674CB4B00C160F5 /* SceneDelegate.swift */,
				DE93BEED2674DB4D00C160F5 /* MatchController.swift */,
				DE9C35A1267652B4002466AE /* UI */,
				DE93BED92674CB4D00C160F5 /* Assets.xcassets */,
				DE93BEDB2674CB4D00C160F5 /* LaunchScreen.storyboard */,
				DE93BEDE2674CB4D00C160F5 /* Info.plist */,
			);
			path = hangman;
			sourceTree = "<group>";
		};
		DE93BEE82674D86D00C160F5 /* Model */ = {
			isa = PBXGroup;
			children = (
				DE93BEE92674D88D00C160F5 /* Game.swift */,
				DE93BEEB2674DAED00C160F5 /* MatchActivity.swift */,
			);
			path = Model;
			sourceTree = "<group>";
		};
		DE9C359926761998002466AE /* hangmanTests */ = {
			isa = PBXGroup;
			children = (
				DE9C359A26761998002466AE /* hangmanGameTests.swift */,
			);
			path = hangmanTests;
			sourceTree = "<group>";
		};
		DE9C35A1267652B4002466AE /* UI */ = {
			isa = PBXGroup;
			children = (
				DE93BED62674CB4B00C160F5 /* Main.storyboard */,
				DE93BED42674CB4B00C160F5 /* StartViewController.swift */,
				DE93BEE42674D7BD00C160F5 /* MatchViewController.swift */,
				DE93BEE62674D7D800C160F5 /* GuessViewController.swift */,
				DE9C35A626765931002466AE /* SuccessViewController.swift */,
				DE9C35A826765AAB002466AE /* ErrorViewController.swift */,
				DE9C35A426765391002466AE /* HangmanView.swift */,
				DE9C35A2267652D8002466AE /* HangmanKit.swift */,
			);
			path = UI;
			sourceTree = "<group>";
		};
/* End PBXGroup section */

/* Begin PBXNativeTarget section */
		DE93BECC2674CB4B00C160F5 /* hangman */ = {
			isa = PBXNativeTarget;
			buildConfigurationList = DE93BEE12674CB4D00C160F5 /* Build configuration list for PBXNativeTarget "hangman" */;
			buildPhases = (
				DE93BEC92674CB4B00C160F5 /* Sources */,
				DE93BECA2674CB4B00C160F5 /* Frameworks */,
				DE93BECB2674CB4B00C160F5 /* Resources */,
			);
			buildRules = (
			);
			dependencies = (
			);
			name = hangman;
			productName = hangman;
			productReference = DE93BECD2674CB4B00C160F5 /* hangman.app */;
			productType = "com.apple.product-type.application";
		};
		DE9C359726761998002466AE /* hangmanTests */ = {
			isa = PBXNativeTarget;
			buildConfigurationList = DE9C35A026761998002466AE /* Build configuration list for PBXNativeTarget "hangmanTests" */;
			buildPhases = (
				DE9C359426761998002466AE /* Sources */,
				DE9C359526761998002466AE /* Frameworks */,
				DE9C359626761998002466AE /* Resources */,
			);
			buildRules = (
			);
			dependencies = (
				DE9C359D26761998002466AE /* PBXTargetDependency */,
			);
			name = hangmanTests;
			productName = hangmanTests;
			productReference = DE9C359826761998002466AE /* hangmanTests.xctest */;
			productType = "com.apple.product-type.bundle.unit-test";
		};
/* End PBXNativeTarget section */

/* Begin PBXProject section */
		DE93BEC52674CB4B00C160F5 /* Project object */ = {
			isa = PBXProject;
			attributes = {
				BuildIndependentTargetsInParallel = 1;
				LastSwiftUpdateCheck = 1300;
				LastUpgradeCheck = 1300;
				TargetAttributes = {
					DE93BECC2674CB4B00C160F5 = {
						CreatedOnToolsVersion = 13.0;
					};
					DE9C359726761998002466AE = {
						CreatedOnToolsVersion = 13.0;
						TestTargetID = DE93BECC2674CB4B00C160F5;
					};
				};
			};
			buildConfigurationList = DE93BEC82674CB4B00C160F5 /* Build configuration list for PBXProject "hangman" */;
			compatibilityVersion = "Xcode 13.0";
			developmentRegion = en;
			hasScannedForEncodings = 0;
			knownRegions = (
				en,
				Base,
			);
			mainGroup = DE93BEC42674CB4B00C160F5;
			productRefGroup = DE93BECE2674CB4B00C160F5 /* Products */;
			projectDirPath = "";
			projectRoot = "";
			targets = (
				DE93BECC2674CB4B00C160F5 /* hangman */,
				DE9C359726761998002466AE /* hangmanTests */,
			);
		};
/* End PBXProject section */

/* Begin PBXResourcesBuildPhase section */
		DE93BECB2674CB4B00C160F5 /* Resources */ = {
			isa = PBXResourcesBuildPhase;
			buildActionMask = 2147483647;
			files = (
				DE93BEDD2674CB4D00C160F5 /* LaunchScreen.storyboard in Resources */,
				DE93BEDA2674CB4D00C160F5 /* Assets.xcassets in Resources */,
				DE93BED82674CB4B00C160F5 /* Main.storyboard in Resources */,
			);
			runOnlyForDeploymentPostprocessing = 0;
		};
		DE9C359626761998002466AE /* Resources */ = {
			isa = PBXResourcesBuildPhase;
			buildActionMask = 2147483647;
			files = (
			);
			runOnlyForDeploymentPostprocessing = 0;
		};
/* End PBXResourcesBuildPhase section */

/* Begin PBXSourcesBuildPhase section */
		DE93BEC92674CB4B00C160F5 /* Sources */ = {
			isa = PBXSourcesBuildPhase;
			buildActionMask = 2147483647;
			files = (
				DE93BEEC2674DAED00C160F5 /* MatchActivity.swift in Sources */,
				DE9C35A926765AAB002466AE /* ErrorViewController.swift in Sources */,
				DE9C35A526765391002466AE /* HangmanView.swift in Sources */,
				DE9C35A3267652D8002466AE /* HangmanKit.swift in Sources */,
				DE9C35A726765931002466AE /* SuccessViewController.swift in Sources */,
				DE93BEEE2674DB4D00C160F5 /* MatchController.swift in Sources */,
				DE93BEE52674D7BD00C160F5 /* MatchViewController.swift in Sources */,
				DE93BEEA2674D88D00C160F5 /* Game.swift in Sources */,
				DE93BEE72674D7D800C160F5 /* GuessViewController.swift in Sources */,
				DE93BED52674CB4B00C160F5 /* StartViewController.swift in Sources */,
				DE93BED12674CB4B00C160F5 /* AppDelegate.swift in Sources */,
				DE93BED32674CB4B00C160F5 /* SceneDelegate.swift in Sources */,
			);
			runOnlyForDeploymentPostprocessing = 0;
		};
		DE9C359426761998002466AE /* Sources */ = {
			isa = PBXSourcesBuildPhase;
			buildActionMask = 2147483647;
			files = (
				DE9C359B26761998002466AE /* hangmanGameTests.swift in Sources */,
			);
			runOnlyForDeploymentPostprocessing = 0;
		};
/* End PBXSourcesBuildPhase section */

/* Begin PBXTargetDependency section */
		DE9C359D26761998002466AE /* PBXTargetDependency */ = {
			isa = PBXTargetDependency;
			target = DE93BECC2674CB4B00C160F5 /* hangman */;
			targetProxy = DE9C359C26761998002466AE /* PBXContainerItemProxy */;
		};
/* End PBXTargetDependency section */

/* Begin PBXVariantGroup section */
		DE93BED62674CB4B00C160F5 /* Main.storyboard */ = {
			isa = PBXVariantGroup;
			children = (
				DE93BED72674CB4B00C160F5 /* Base */,
			);
			name = Main.storyboard;
			sourceTree = "<group>";
		};
		DE93BEDB2674CB4D00C160F5 /* LaunchScreen.storyboard */ = {
			isa = PBXVariantGroup;
			children = (
				DE93BEDC2674CB4D00C160F5 /* Base */,
			);
			name = LaunchScreen.storyboard;
			sourceTree = "<group>";
		};
/* End PBXVariantGroup section */

/* Begin XCBuildConfiguration section */
		DE93BEDF2674CB4D00C160F5 /* Debug */ = {
			isa = XCBuildConfiguration;
			buildSettings = {
				ALWAYS_SEARCH_USER_PATHS = NO;
				CLANG_ANALYZER_NONNULL = YES;
				CLANG_ANALYZER_NUMBER_OBJECT_CONVERSION = YES_AGGRESSIVE;
				CLANG_CXX_LANGUAGE_STANDARD = "gnu++14";
				CLANG_CXX_LIBRARY = "libc++";
				CLANG_ENABLE_MODULES = YES;
				CLANG_ENABLE_OBJC_ARC = YES;
				CLANG_ENABLE_OBJC_WEAK = YES;
				CLANG_WARN_BLOCK_CAPTURE_AUTORELEASING = YES;
				CLANG_WARN_BOOL_CONVERSION = YES;
				CLANG_WARN_COMMA = YES;
				CLANG_WARN_CONSTANT_CONVERSION = YES;
				CLANG_WARN_DEPRECATED_OBJC_IMPLEMENTATIONS = YES;
				CLANG_WARN_DIRECT_OBJC_ISA_USAGE = YES_ERROR;
				CLANG_WARN_DOCUMENTATION_COMMENTS = YES;
				CLANG_WARN_EMPTY_BODY = YES;
				CLANG_WARN_ENUM_CONVERSION = YES;
				CLANG_WARN_INFINITE_RECURSION = YES;
				CLANG_WARN_INT_CONVERSION = YES;
				CLANG_WARN_NON_LITERAL_NULL_CONVERSION = YES;
				CLANG_WARN_OBJC_IMPLICIT_RETAIN_SELF = YES;
				CLANG_WARN_OBJC_LITERAL_CONVERSION = YES;
				CLANG_WARN_OBJC_ROOT_CLASS = YES_ERROR;
				CLANG_WARN_QUOTED_INCLUDE_IN_FRAMEWORK_HEADER = YES;
				CLANG_WARN_RANGE_LOOP_ANALYSIS = YES;
				CLANG_WARN_STRICT_PROTOTYPES = YES;
				CLANG_WARN_SUSPICIOUS_MOVE = YES;
				CLANG_WARN_UNGUARDED_AVAILABILITY = YES_AGGRESSIVE;
				CLANG_WARN_UNREACHABLE_CODE = YES;
				CLANG_WARN__DUPLICATE_METHOD_MATCH = YES;
				COPY_PHASE_STRIP = NO;
				DEBUG_INFORMATION_FORMAT = dwarf;
				ENABLE_STRICT_OBJC_MSGSEND = YES;
				ENABLE_TESTABILITY = YES;
				GCC_C_LANGUAGE_STANDARD = gnu11;
				GCC_DYNAMIC_NO_PIC = NO;
				GCC_NO_COMMON_BLOCKS = YES;
				GCC_OPTIMIZATION_LEVEL = 0;
				GCC_PREPROCESSOR_DEFINITIONS = (
					"DEBUG=1",
					"$(inherited)",
				);
				GCC_WARN_64_TO_32_BIT_CONVERSION = YES;
				GCC_WARN_ABOUT_RETURN_TYPE = YES_ERROR;
				GCC_WARN_UNDECLARED_SELECTOR = YES;
				GCC_WARN_UNINITIALIZED_AUTOS = YES_AGGRESSIVE;
				GCC_WARN_UNUSED_FUNCTION = YES;
				GCC_WARN_UNUSED_VARIABLE = YES;
				IPHONEOS_DEPLOYMENT_TARGET = 15.0;
				MTL_ENABLE_DEBUG_INFO = INCLUDE_SOURCE;
				MTL_FAST_MATH = YES;
				ONLY_ACTIVE_ARCH = YES;
				SDKROOT = iphoneos;
				SWIFT_ACTIVE_COMPILATION_CONDITIONS = DEBUG;
				SWIFT_OPTIMIZATION_LEVEL = "-Onone";
			};
			name = Debug;
		};
		DE93BEE02674CB4D00C160F5 /* Release */ = {
			isa = XCBuildConfiguration;
			buildSettings = {
				ALWAYS_SEARCH_USER_PATHS = NO;
				CLANG_ANALYZER_NONNULL = YES;
				CLANG_ANALYZER_NUMBER_OBJECT_CONVERSION = YES_AGGRESSIVE;
				CLANG_CXX_LANGUAGE_STANDARD = "gnu++14";
				CLANG_CXX_LIBRARY = "libc++";
				CLANG_ENABLE_MODULES = YES;
				CLANG_ENABLE_OBJC_ARC = YES;
				CLANG_ENABLE_OBJC_WEAK = YES;
				CLANG_WARN_BLOCK_CAPTURE_AUTORELEASING = YES;
				CLANG_WARN_BOOL_CONVERSION = YES;
				CLANG_WARN_COMMA = YES;
				CLANG_WARN_CONSTANT_CONVERSION = YES;
				CLANG_WARN_DEPRECATED_OBJC_IMPLEMENTATIONS = YES;
				CLANG_WARN_DIRECT_OBJC_ISA_USAGE = YES_ERROR;
				CLANG_WARN_DOCUMENTATION_COMMENTS = YES;
				CLANG_WARN_EMPTY_BODY = YES;
				CLANG_WARN_ENUM_CONVERSION = YES;
				CLANG_WARN_INFINITE_RECURSION = YES;
				CLANG_WARN_INT_CONVERSION = YES;
				CLANG_WARN_NON_LITERAL_NULL_CONVERSION = YES;
				CLANG_WARN_OBJC_IMPLICIT_RETAIN_SELF = YES;
				CLANG_WARN_OBJC_LITERAL_CONVERSION = YES;
				CLANG_WARN_OBJC_ROOT_CLASS = YES_ERROR;
				CLANG_WARN_QUOTED_INCLUDE_IN_FRAMEWORK_HEADER = YES;
				CLANG_WARN_RANGE_LOOP_ANALYSIS = YES;
				CLANG_WARN_STRICT_PROTOTYPES = YES;
				CLANG_WARN_SUSPICIOUS_MOVE = YES;
				CLANG_WARN_UNGUARDED_AVAILABILITY = YES_AGGRESSIVE;
				CLANG_WARN_UNREACHABLE_CODE = YES;
				CLANG_WARN__DUPLICATE_METHOD_MATCH = YES;
				COPY_PHASE_STRIP = NO;
				DEBUG_INFORMATION_FORMAT = "dwarf-with-dsym";
				ENABLE_NS_ASSERTIONS = NO;
				ENABLE_STRICT_OBJC_MSGSEND = YES;
				GCC_C_LANGUAGE_STANDARD = gnu11;
				GCC_NO_COMMON_BLOCKS = YES;
				GCC_WARN_64_TO_32_BIT_CONVERSION = YES;
				GCC_WARN_ABOUT_RETURN_TYPE = YES_ERROR;
				GCC_WARN_UNDECLARED_SELECTOR = YES;
				GCC_WARN_UNINITIALIZED_AUTOS = YES_AGGRESSIVE;
				GCC_WARN_UNUSED_FUNCTION = YES;
				GCC_WARN_UNUSED_VARIABLE = YES;
				IPHONEOS_DEPLOYMENT_TARGET = 15.0;
				MTL_ENABLE_DEBUG_INFO = NO;
				MTL_FAST_MATH = YES;
				SDKROOT = iphoneos;
				SWIFT_COMPILATION_MODE = wholemodule;
				SWIFT_OPTIMIZATION_LEVEL = "-O";
				VALIDATE_PRODUCT = YES;
			};
			name = Release;
		};
		DE93BEE22674CB4D00C160F5 /* Debug */ = {
			isa = XCBuildConfiguration;
			buildSettings = {
				ASSETCATALOG_COMPILER_APPICON_NAME = AppIcon;
				ASSETCATALOG_COMPILER_GLOBAL_ACCENT_COLOR_NAME = AccentColor;
				CODE_SIGN_ENTITLEMENTS = hangman/hangman.entitlements;
				CODE_SIGN_STYLE = Automatic;
				CURRENT_PROJECT_VERSION = 1;
				DEVELOPMENT_TEAM = 6ZU459JA6J;
				GENERATE_INFOPLIST_FILE = YES;
				INFOPLIST_FILE = hangman/Info.plist;
				INFOPLIST_KEY_UIApplicationSupportsIndirectInputEvents = YES;
				INFOPLIST_KEY_UILaunchStoryboardName = LaunchScreen;
				INFOPLIST_KEY_UIMainStoryboardFile = Main;
				INFOPLIST_KEY_UISupportedInterfaceOrientations_iPad = "UIInterfaceOrientationPortrait UIInterfaceOrientationPortraitUpsideDown UIInterfaceOrientationLandscapeLeft UIInterfaceOrientationLandscapeRight";
				INFOPLIST_KEY_UISupportedInterfaceOrientations_iPhone = "UIInterfaceOrientationPortrait UIInterfaceOrientationLandscapeLeft UIInterfaceOrientationLandscapeRight";
				LD_RUNPATH_SEARCH_PATHS = (
					"$(inherited)",
					"@executable_path/Frameworks",
				);
				MARKETING_VERSION = 1.0;
				PRODUCT_BUNDLE_IDENTIFIER = com.werk01.hangman;
				PRODUCT_NAME = "$(TARGET_NAME)";
				SWIFT_EMIT_LOC_STRINGS = YES;
				SWIFT_VERSION = 5.0;
				TARGETED_DEVICE_FAMILY = "1,2";
			};
			name = Debug;
		};
		DE93BEE32674CB4D00C160F5 /* Release */ = {
			isa = XCBuildConfiguration;
			buildSettings = {
				ASSETCATALOG_COMPILER_APPICON_NAME = AppIcon;
				ASSETCATALOG_COMPILER_GLOBAL_ACCENT_COLOR_NAME = AccentColor;
				CODE_SIGN_ENTITLEMENTS = hangman/hangman.entitlements;
				CODE_SIGN_STYLE = Automatic;
				CURRENT_PROJECT_VERSION = 1;
				DEVELOPMENT_TEAM = 6ZU459JA6J;
				GENERATE_INFOPLIST_FILE = YES;
				INFOPLIST_FILE = hangman/Info.plist;
				INFOPLIST_KEY_UIApplicationSupportsIndirectInputEvents = YES;
				INFOPLIST_KEY_UILaunchStoryboardName = LaunchScreen;
				INFOPLIST_KEY_UIMainStoryboardFile = Main;
				INFOPLIST_KEY_UISupportedInterfaceOrientations_iPad = "UIInterfaceOrientationPortrait UIInterfaceOrientationPortraitUpsideDown UIInterfaceOrientationLandscapeLeft UIInterfaceOrientationLandscapeRight";
				INFOPLIST_KEY_UISupportedInterfaceOrientations_iPhone = "UIInterfaceOrientationPortrait UIInterfaceOrientationLandscapeLeft UIInterfaceOrientationLandscapeRight";
				LD_RUNPATH_SEARCH_PATHS = (
					"$(inherited)",
					"@executable_path/Frameworks",
				);
				MARKETING_VERSION = 1.0;
				PRODUCT_BUNDLE_IDENTIFIER = com.werk01.hangman;
				PRODUCT_NAME = "$(TARGET_NAME)";
				SWIFT_EMIT_LOC_STRINGS = YES;
				SWIFT_VERSION = 5.0;
				TARGETED_DEVICE_FAMILY = "1,2";
			};
			name = Release;
		};
		DE9C359E26761998002466AE /* Debug */ = {
			isa = XCBuildConfiguration;
			buildSettings = {
				BUNDLE_LOADER = "$(TEST_HOST)";
				CODE_SIGN_STYLE = Automatic;
				CURRENT_PROJECT_VERSION = 1;
				DEVELOPMENT_TEAM = 6ZU459JA6J;
				GENERATE_INFOPLIST_FILE = YES;
				LD_RUNPATH_SEARCH_PATHS = (
					"$(inherited)",
					"@executable_path/Frameworks",
					"@loader_path/Frameworks",
				);
				MARKETING_VERSION = 1.0;
				PRODUCT_BUNDLE_IDENTIFIER = com.werk01.hangmanTests;
				PRODUCT_NAME = "$(TARGET_NAME)";
				SWIFT_EMIT_LOC_STRINGS = NO;
				SWIFT_VERSION = 5.0;
				TARGETED_DEVICE_FAMILY = "1,2";
				TEST_HOST = "$(BUILT_PRODUCTS_DIR)/hangman.app/hangman";
			};
			name = Debug;
		};
		DE9C359F26761998002466AE /* Release */ = {
			isa = XCBuildConfiguration;
			buildSettings = {
				BUNDLE_LOADER = "$(TEST_HOST)";
				CODE_SIGN_STYLE = Automatic;
				CURRENT_PROJECT_VERSION = 1;
				DEVELOPMENT_TEAM = 6ZU459JA6J;
				GENERATE_INFOPLIST_FILE = YES;
				LD_RUNPATH_SEARCH_PATHS = (
					"$(inherited)",
					"@executable_path/Frameworks",
					"@loader_path/Frameworks",
				);
				MARKETING_VERSION = 1.0;
				PRODUCT_BUNDLE_IDENTIFIER = com.werk01.hangmanTests;
				PRODUCT_NAME = "$(TARGET_NAME)";
				SWIFT_EMIT_LOC_STRINGS = NO;
				SWIFT_VERSION = 5.0;
				TARGETED_DEVICE_FAMILY = "1,2";
				TEST_HOST = "$(BUILT_PRODUCTS_DIR)/hangman.app/hangman";
			};
			name = Release;
		};
/* End XCBuildConfiguration section */

/* Begin XCConfigurationList section */
		DE93BEC82674CB4B00C160F5 /* Build configuration list for PBXProject "hangman" */ = {
			isa = XCConfigurationList;
			buildConfigurations = (
				DE93BEDF2674CB4D00C160F5 /* Debug */,
				DE93BEE02674CB4D00C160F5 /* Release */,
			);
			defaultConfigurationIsVisible = 0;
			defaultConfigurationName = Release;
		};
		DE93BEE12674CB4D00C160F5 /* Build configuration list for PBXNativeTarget "hangman" */ = {
			isa = XCConfigurationList;
			buildConfigurations = (
				DE93BEE22674CB4D00C160F5 /* Debug */,
				DE93BEE32674CB4D00C160F5 /* Release */,
			);
			defaultConfigurationIsVisible = 0;
			defaultConfigurationName = Release;
		};
		DE9C35A026761998002466AE /* Build configuration list for PBXNativeTarget "hangmanTests" */ = {
			isa = XCConfigurationList;
			buildConfigurations = (
				DE9C359E26761998002466AE /* Debug */,
				DE9C359F26761998002466AE /* Release */,
			);
			defaultConfigurationIsVisible = 0;
			defaultConfigurationName = Release;
		};
/* End XCConfigurationList section */
	};
	rootObject = DE93BEC52674CB4B00C160F5 /* Project object */;
}
